{
  "lockfileVersion": 1,
  "configVersion": 0,
  "workspaces": {
    "": {
      "dependencies": {
        "prettier-plugin-toml": "^2.0.1",
      },
    },
  },
  "packages": {
    "@taplo/core": ["@taplo/core@0.1.1", "", {}, "sha512-BG/zLGf5wiNXGEVPvUAAX/4ilB3PwDUY2o0MV0y47mZbDZ9ad9UK/cIQsILat3bqbPJsALVbU6k3cskNZ3vAQg=="],

    "@taplo/lib": ["@taplo/lib@0.4.0-alpha.2", "", { "dependencies": { "@taplo/core": "^0.1.0" } }, "sha512-DV/Re3DPVY+BhBtLZ3dmP4mP6YMLSsgq9qGLXwOV38lvNF/fBlgvQswzlXmzCEefL/3q2eMoefZpOI/+GLuCNA=="],

    "prettier": ["prettier@3.3.3", "", { "bin": "bin/prettier.cjs" }, "sha512-i2tDNA0O5IrMO757lfrdQZCc2jPNDVntV0m/+4whiDfWaTKfMNgR7Qz0NAeGz/nRqF4m5/6CLzbP4/liHt12Ew=="],

    "prettier-plugin-toml": ["prettier-plugin-toml@2.0.1", "", { "dependencies": { "@taplo/lib": "^0.4.0-alpha.2" }, "peerDependencies": { "prettier": "^3.0.3" } }, "sha512-99z1YOkViECHtXQjGIigd3talI/ybUI1zB3yniAwUrlWBXupNXThB1hM6bwSMUEj2/+tomTlMtT98F5t4s8IWA=="],
  }
}
